{
  "name": "@montelo/sandbox",
  "version": "1.0.0",
  "lockfileVersion": 3,
  "requires": true,
  "packages": {
    "": {
      "name": "@montelo/sandbox",
      "version": "1.0.0",
      "dependencies": {
        "@montelo/crews": "file:../apps/crews",
        "montelo": "file:../apps/montelo"
      }
    },
    "../apps/crews": {
      "name": "@montelo/crews",
      "version": "1.1.66",
      "dependencies": {
        "montelo": "^1.1.66",
        "ts-node": "^10.9.2",
        "zod": "^3.22.4",
        "zod-to-json-schema": "^3.22.4"
      },
      "devDependencies": {
        "@rollup/plugin-commonjs": "^25.0.7",
        "@rollup/plugin-json": "^6.1.0",
        "@rollup/plugin-node-resolve": "^15.2.3",
        "rollup": "^4.9.5",
        "rollup-plugin-typescript2": "^0.36.0"
      }
    },
    "../apps/montelo": {
      "version": "1.1.66",
      "dependencies": {
        "@anthropic-ai/sdk": "^0.17.1",
        "@mistralai/mistralai": "^0.1.3",
        "@paralleldrive/cuid2": "^2.2.2",
        "openai": "^4.27.0"
      },
      "devDependencies": {
        "@rollup/plugin-commonjs": "^25.0.7",
        "@rollup/plugin-json": "^6.1.0",
        "@rollup/plugin-node-resolve": "^15.2.3",
        "rollup": "^4.9.5",
        "rollup-plugin-typescript2": "^0.36.0"
      }
    },
    "node_modules/@montelo/crews": {
      "resolved": "../apps/crews",
      "link": true
    },
    "node_modules/montelo": {
      "resolved": "../apps/montelo",
      "link": true
    }
  }
}
